
Microsoft Visual Studio Solution File, Format Version 12.00
# Visual Studio Version 17
VisualStudioVersion = 17.3.32819.101
MinimumVisualStudioVersion = 10.0.40219.1
Project("{FAE04EC0-301F-11D3-BF4B-00C04F79EFBC}") = "HolyKingdom", "HolyKingdom\HolyKingdom.csproj", "{D7DA388A-DA2D-439C-8294-5E63E73ABB42}"
EndProject
Global
	GlobalSection(SolutionConfigurationPlatforms) = preSolution
		Debug|Any CPU = Debug|Any CPU
		Release|Any CPU = Release|Any CPU
	EndGlobalSection
	GlobalSection(ProjectConfigurationPlatforms) = postSolution
		{D7DA388A-DA2D-439C-8294-5E63E73ABB42}.Debug|Any CPU.ActiveCfg = Debug|Any CPU
		{D7DA388A-DA2D-439C-8294-5E63E73ABB42}.Debug|Any CPU.Build.0 = Debug|Any CPU
		{D7DA388A-DA2D-439C-8294-5E63E73ABB42}.Release|Any CPU.ActiveCfg = Release|Any CPU
		{D7DA388A-DA2D-439C-8294-5E63E73ABB42}.Release|Any CPU.Build.0 = Release|Any CPU
	EndGlobalSection
	GlobalSection(SolutionProperties) = preSolution
		HideSolutionNode = FALSE
	EndGlobalSection
	GlobalSection(ExtensibilityGlobals) = postSolution
		SolutionGuid = {B5CE7991-F051-4257-A3D9-CF4585B15172}
	EndGlobalSection
EndGlobal
